
Microsoft Visual Studio Solution File, Format Version 11.00
# Visual Studio 2010
Project("{FAE04EC0-301F-11D3-BF4B-00C04F79EFBC}") = "Banco", "Banco\Banco.csproj", "{D1E8B209-0242-4A3C-9FBC-3B2CB0DB60DE}"
EndProject
Global
	GlobalSection(SolutionConfigurationPlatforms) = preSolution
		Debug|x86 = Debug|x86
		Release|x86 = Release|x86
	EndGlobalSection
	GlobalSection(ProjectConfigurationPlatforms) = postSolution
		{D1E8B209-0242-4A3C-9FBC-3B2CB0DB60DE}.Debug|x86.ActiveCfg = Debug|x86
		{D1E8B209-0242-4A3C-9FBC-3B2CB0DB60DE}.Debug|x86.Build.0 = Debug|x86
		{D1E8B209-0242-4A3C-9FBC-3B2CB0DB60DE}.Release|x86.ActiveCfg = Release|x86
		{D1E8B209-0242-4A3C-9FBC-3B2CB0DB60DE}.Release|x86.Build.0 = Release|x86
	EndGlobalSection
	GlobalSection(SolutionProperties) = preSolution
		HideSolutionNode = FALSE
	EndGlobalSection
EndGlobal
