
Microsoft Visual Studio Solution File, Format Version 11.00
# Visual Studio 2010
Project("{FAE04EC0-301F-11D3-BF4B-00C04F79EFBC}") = "Encriptacion", "Encriptacion\Encriptacion.csproj", "{888F0E60-496D-4998-AB94-D1F2E9A9BAAA}"
EndProject
Global
	GlobalSection(SolutionConfigurationPlatforms) = preSolution
		Debug|x86 = Debug|x86
		Release|x86 = Release|x86
	EndGlobalSection
	GlobalSection(ProjectConfigurationPlatforms) = postSolution
		{888F0E60-496D-4998-AB94-D1F2E9A9BAAA}.Debug|x86.ActiveCfg = Debug|x86
		{888F0E60-496D-4998-AB94-D1F2E9A9BAAA}.Debug|x86.Build.0 = Debug|x86
		{888F0E60-496D-4998-AB94-D1F2E9A9BAAA}.Release|x86.ActiveCfg = Release|x86
		{888F0E60-496D-4998-AB94-D1F2E9A9BAAA}.Release|x86.Build.0 = Release|x86
	EndGlobalSection
	GlobalSection(SolutionProperties) = preSolution
		HideSolutionNode = FALSE
	EndGlobalSection
EndGlobal
